
Microsoft Visual Studio Solution File, Format Version 12.00
# Visual Studio 15
VisualStudioVersion = 15.0.26124.0
MinimumVisualStudioVersion = 15.0.26124.0
Project("{2150E333-8FDC-42A3-9474-1A3956D46DE8}") = "src", "src", "{51B9A142-52FE-41EE-93DB-1DCAA3C6DBC0}"
EndProject
Project("{FAE04EC0-301F-11D3-BF4B-00C04F79EFBC}") = "CheetahRoller.Web", "src\CheetahRoller.Web\CheetahRoller.Web.csproj", "{B4F001F3-9364-4C62-A6D3-D3924F416218}"
EndProject
Project("{FAE04EC0-301F-11D3-BF4B-00C04F79EFBC}") = "CheetahRoller.Domain", "src\CheetahRoller.Domain\CheetahRoller.Domain.csproj", "{9CD42324-10F0-4F0E-A709-E0FFCFF883D2}"
EndProject
Project("{2150E333-8FDC-42A3-9474-1A3956D46DE8}") = "tests", "tests", "{2D472170-395C-41FA-AE8C-A03EA2AD6A5E}"
EndProject
Project("{FAE04EC0-301F-11D3-BF4B-00C04F79EFBC}") = "unit", "tests\unit\unit.csproj", "{FD13B7FF-263B-499D-A13D-87B03DC43C1E}"
EndProject
Project("{FAE04EC0-301F-11D3-BF4B-00C04F79EFBC}") = "CheetahRoller.Base", "src\CheetahRoller.Base\CheetahRoller.Base.csproj", "{68840609-511A-49BD-9FD6-B6DDE8CBB644}"
EndProject
Global
	GlobalSection(SolutionConfigurationPlatforms) = preSolution
		Debug|Any CPU = Debug|Any CPU
		Debug|x64 = Debug|x64
		Debug|x86 = Debug|x86
		Release|Any CPU = Release|Any CPU
		Release|x64 = Release|x64
		Release|x86 = Release|x86
	EndGlobalSection
	GlobalSection(SolutionProperties) = preSolution
		HideSolutionNode = FALSE
	EndGlobalSection
	GlobalSection(ProjectConfigurationPlatforms) = postSolution
		{B4F001F3-9364-4C62-A6D3-D3924F416218}.Debug|Any CPU.ActiveCfg = Debug|Any CPU
		{B4F001F3-9364-4C62-A6D3-D3924F416218}.Debug|Any CPU.Build.0 = Debug|Any CPU
		{B4F001F3-9364-4C62-A6D3-D3924F416218}.Debug|x64.ActiveCfg = Debug|Any CPU
		{B4F001F3-9364-4C62-A6D3-D3924F416218}.Debug|x64.Build.0 = Debug|Any CPU
		{B4F001F3-9364-4C62-A6D3-D3924F416218}.Debug|x86.ActiveCfg = Debug|Any CPU
		{B4F001F3-9364-4C62-A6D3-D3924F416218}.Debug|x86.Build.0 = Debug|Any CPU
		{B4F001F3-9364-4C62-A6D3-D3924F416218}.Release|Any CPU.ActiveCfg = Release|Any CPU
		{B4F001F3-9364-4C62-A6D3-D3924F416218}.Release|Any CPU.Build.0 = Release|Any CPU
		{B4F001F3-9364-4C62-A6D3-D3924F416218}.Release|x64.ActiveCfg = Release|Any CPU
		{B4F001F3-9364-4C62-A6D3-D3924F416218}.Release|x64.Build.0 = Release|Any CPU
		{B4F001F3-9364-4C62-A6D3-D3924F416218}.Release|x86.ActiveCfg = Release|Any CPU
		{B4F001F3-9364-4C62-A6D3-D3924F416218}.Release|x86.Build.0 = Release|Any CPU
		{9CD42324-10F0-4F0E-A709-E0FFCFF883D2}.Debug|Any CPU.ActiveCfg = Debug|Any CPU
		{9CD42324-10F0-4F0E-A709-E0FFCFF883D2}.Debug|Any CPU.Build.0 = Debug|Any CPU
		{9CD42324-10F0-4F0E-A709-E0FFCFF883D2}.Debug|x64.ActiveCfg = Debug|Any CPU
		{9CD42324-10F0-4F0E-A709-E0FFCFF883D2}.Debug|x64.Build.0 = Debug|Any CPU
		{9CD42324-10F0-4F0E-A709-E0FFCFF883D2}.Debug|x86.ActiveCfg = Debug|Any CPU
		{9CD42324-10F0-4F0E-A709-E0FFCFF883D2}.Debug|x86.Build.0 = Debug|Any CPU
		{9CD42324-10F0-4F0E-A709-E0FFCFF883D2}.Release|Any CPU.ActiveCfg = Release|Any CPU
		{9CD42324-10F0-4F0E-A709-E0FFCFF883D2}.Release|Any CPU.Build.0 = Release|Any CPU
		{9CD42324-10F0-4F0E-A709-E0FFCFF883D2}.Release|x64.ActiveCfg = Release|Any CPU
		{9CD42324-10F0-4F0E-A709-E0FFCFF883D2}.Release|x64.Build.0 = Release|Any CPU
		{9CD42324-10F0-4F0E-A709-E0FFCFF883D2}.Release|x86.ActiveCfg = Release|Any CPU
		{9CD42324-10F0-4F0E-A709-E0FFCFF883D2}.Release|x86.Build.0 = Release|Any CPU
		{FD13B7FF-263B-499D-A13D-87B03DC43C1E}.Debug|Any CPU.ActiveCfg = Debug|Any CPU
		{FD13B7FF-263B-499D-A13D-87B03DC43C1E}.Debug|Any CPU.Build.0 = Debug|Any CPU
		{FD13B7FF-263B-499D-A13D-87B03DC43C1E}.Debug|x64.ActiveCfg = Debug|Any CPU
		{FD13B7FF-263B-499D-A13D-87B03DC43C1E}.Debug|x64.Build.0 = Debug|Any CPU
		{FD13B7FF-263B-499D-A13D-87B03DC43C1E}.Debug|x86.ActiveCfg = Debug|Any CPU
		{FD13B7FF-263B-499D-A13D-87B03DC43C1E}.Debug|x86.Build.0 = Debug|Any CPU
		{FD13B7FF-263B-499D-A13D-87B03DC43C1E}.Release|Any CPU.ActiveCfg = Release|Any CPU
		{FD13B7FF-263B-499D-A13D-87B03DC43C1E}.Release|Any CPU.Build.0 = Release|Any CPU
		{FD13B7FF-263B-499D-A13D-87B03DC43C1E}.Release|x64.ActiveCfg = Release|Any CPU
		{FD13B7FF-263B-499D-A13D-87B03DC43C1E}.Release|x64.Build.0 = Release|Any CPU
		{FD13B7FF-263B-499D-A13D-87B03DC43C1E}.Release|x86.ActiveCfg = Release|Any CPU
		{FD13B7FF-263B-499D-A13D-87B03DC43C1E}.Release|x86.Build.0 = Release|Any CPU
		{68840609-511A-49BD-9FD6-B6DDE8CBB644}.Debug|Any CPU.ActiveCfg = Debug|Any CPU
		{68840609-511A-49BD-9FD6-B6DDE8CBB644}.Debug|Any CPU.Build.0 = Debug|Any CPU
		{68840609-511A-49BD-9FD6-B6DDE8CBB644}.Debug|x64.ActiveCfg = Debug|Any CPU
		{68840609-511A-49BD-9FD6-B6DDE8CBB644}.Debug|x64.Build.0 = Debug|Any CPU
		{68840609-511A-49BD-9FD6-B6DDE8CBB644}.Debug|x86.ActiveCfg = Debug|Any CPU
		{68840609-511A-49BD-9FD6-B6DDE8CBB644}.Debug|x86.Build.0 = Debug|Any CPU
		{68840609-511A-49BD-9FD6-B6DDE8CBB644}.Release|Any CPU.ActiveCfg = Release|Any CPU
		{68840609-511A-49BD-9FD6-B6DDE8CBB644}.Release|Any CPU.Build.0 = Release|Any CPU
		{68840609-511A-49BD-9FD6-B6DDE8CBB644}.Release|x64.ActiveCfg = Release|Any CPU
		{68840609-511A-49BD-9FD6-B6DDE8CBB644}.Release|x64.Build.0 = Release|Any CPU
		{68840609-511A-49BD-9FD6-B6DDE8CBB644}.Release|x86.ActiveCfg = Release|Any CPU
		{68840609-511A-49BD-9FD6-B6DDE8CBB644}.Release|x86.Build.0 = Release|Any CPU
	EndGlobalSection
	GlobalSection(NestedProjects) = preSolution
		{B4F001F3-9364-4C62-A6D3-D3924F416218} = {51B9A142-52FE-41EE-93DB-1DCAA3C6DBC0}
		{9CD42324-10F0-4F0E-A709-E0FFCFF883D2} = {51B9A142-52FE-41EE-93DB-1DCAA3C6DBC0}
		{FD13B7FF-263B-499D-A13D-87B03DC43C1E} = {2D472170-395C-41FA-AE8C-A03EA2AD6A5E}
		{68840609-511A-49BD-9FD6-B6DDE8CBB644} = {51B9A142-52FE-41EE-93DB-1DCAA3C6DBC0}
	EndGlobalSection
EndGlobal
